
Microsoft Visual Studio Solution File, Format Version 12.00
# Visual Studio Version 17
VisualStudioVersion = 17.4.33103.184
MinimumVisualStudioVersion = 10.0.40219.1
Project("{FAE04EC0-301F-11D3-BF4B-00C04F79EFBC}") = "ShoppingCart.Api", "ShoppingCart\ShoppingCart.Api.csproj", "{81ACB7FA-1041-4932-B3EF-F7632F576588}"
EndProject
Project("{FAE04EC0-301F-11D3-BF4B-00C04F79EFBC}") = "ShoppingCart.Core", "ShoppingCart.Core\ShoppingCart.Core.csproj", "{AECC25E4-5439-4F66-859A-455147693D26}"
EndProject
Project("{FAE04EC0-301F-11D3-BF4B-00C04F79EFBC}") = "ShoppingCart.Data", "ShoppingCart.Data\ShoppingCart.Data.csproj", "{CE1FD5F1-9165-4B8F-B9DD-9D64A6A56114}"
EndProject
Project("{FAE04EC0-301F-11D3-BF4B-00C04F79EFBC}") = "ShoppingCart.Common", "ShoppingCart.Common\ShoppingCart.Common.csproj", "{F9C04E31-1DDC-4186-A68F-CB9109A83D36}"
EndProject
Project("{FAE04EC0-301F-11D3-BF4B-00C04F79EFBC}") = "ShoppingCart.Tests", "ShoppingCart.Tests\ShoppingCart.Tests.csproj", "{022E9CB4-1D22-4EB9-A3FF-AF845E516540}"
EndProject
Global
	GlobalSection(SolutionConfigurationPlatforms) = preSolution
		Debug|Any CPU = Debug|Any CPU
		Release|Any CPU = Release|Any CPU
	EndGlobalSection
	GlobalSection(ProjectConfigurationPlatforms) = postSolution
		{81ACB7FA-1041-4932-B3EF-F7632F576588}.Debug|Any CPU.ActiveCfg = Debug|Any CPU
		{81ACB7FA-1041-4932-B3EF-F7632F576588}.Debug|Any CPU.Build.0 = Debug|Any CPU
		{81ACB7FA-1041-4932-B3EF-F7632F576588}.Release|Any CPU.ActiveCfg = Release|Any CPU
		{81ACB7FA-1041-4932-B3EF-F7632F576588}.Release|Any CPU.Build.0 = Release|Any CPU
		{AECC25E4-5439-4F66-859A-455147693D26}.Debug|Any CPU.ActiveCfg = Debug|Any CPU
		{AECC25E4-5439-4F66-859A-455147693D26}.Debug|Any CPU.Build.0 = Debug|Any CPU
		{AECC25E4-5439-4F66-859A-455147693D26}.Release|Any CPU.ActiveCfg = Release|Any CPU
		{AECC25E4-5439-4F66-859A-455147693D26}.Release|Any CPU.Build.0 = Release|Any CPU
		{CE1FD5F1-9165-4B8F-B9DD-9D64A6A56114}.Debug|Any CPU.ActiveCfg = Debug|Any CPU
		{CE1FD5F1-9165-4B8F-B9DD-9D64A6A56114}.Debug|Any CPU.Build.0 = Debug|Any CPU
		{CE1FD5F1-9165-4B8F-B9DD-9D64A6A56114}.Release|Any CPU.ActiveCfg = Release|Any CPU
		{CE1FD5F1-9165-4B8F-B9DD-9D64A6A56114}.Release|Any CPU.Build.0 = Release|Any CPU
		{F9C04E31-1DDC-4186-A68F-CB9109A83D36}.Debug|Any CPU.ActiveCfg = Debug|Any CPU
		{F9C04E31-1DDC-4186-A68F-CB9109A83D36}.Debug|Any CPU.Build.0 = Debug|Any CPU
		{F9C04E31-1DDC-4186-A68F-CB9109A83D36}.Release|Any CPU.ActiveCfg = Release|Any CPU
		{F9C04E31-1DDC-4186-A68F-CB9109A83D36}.Release|Any CPU.Build.0 = Release|Any CPU
		{022E9CB4-1D22-4EB9-A3FF-AF845E516540}.Debug|Any CPU.ActiveCfg = Debug|Any CPU
		{022E9CB4-1D22-4EB9-A3FF-AF845E516540}.Debug|Any CPU.Build.0 = Debug|Any CPU
		{022E9CB4-1D22-4EB9-A3FF-AF845E516540}.Release|Any CPU.ActiveCfg = Release|Any CPU
		{022E9CB4-1D22-4EB9-A3FF-AF845E516540}.Release|Any CPU.Build.0 = Release|Any CPU
	EndGlobalSection
	GlobalSection(SolutionProperties) = preSolution
		HideSolutionNode = FALSE
	EndGlobalSection
	GlobalSection(ExtensibilityGlobals) = postSolution
		SolutionGuid = {410A9E45-C55D-4E3B-B83C-D34257B946A1}
	EndGlobalSection
EndGlobal
